
Microsoft Visual Studio Solution File, Format Version 12.00
# Visual Studio Version 16
VisualStudioVersion = 16.0.32106.194
MinimumVisualStudioVersion = 10.0.40219.1
Project("{8BC9CEB8-8B4A-11D0-8D11-00A0C91BC942}") = "ch07", "ch07\ch07.vcxproj", "{62F2378B-C167-480A-9B40-4B6EF3D6A4F6}"
EndProject
Global
	GlobalSection(SolutionConfigurationPlatforms) = preSolution
		Debug|x64 = Debug|x64
		Debug|x86 = Debug|x86
		Release|x64 = Release|x64
		Release|x86 = Release|x86
	EndGlobalSection
	GlobalSection(ProjectConfigurationPlatforms) = postSolution
		{62F2378B-C167-480A-9B40-4B6EF3D6A4F6}.Debug|x64.ActiveCfg = Debug|x64
		{62F2378B-C167-480A-9B40-4B6EF3D6A4F6}.Debug|x64.Build.0 = Debug|x64
		{62F2378B-C167-480A-9B40-4B6EF3D6A4F6}.Debug|x86.ActiveCfg = Debug|Win32
		{62F2378B-C167-480A-9B40-4B6EF3D6A4F6}.Debug|x86.Build.0 = Debug|Win32
		{62F2378B-C167-480A-9B40-4B6EF3D6A4F6}.Release|x64.ActiveCfg = Release|x64
		{62F2378B-C167-480A-9B40-4B6EF3D6A4F6}.Release|x64.Build.0 = Release|x64
		{62F2378B-C167-480A-9B40-4B6EF3D6A4F6}.Release|x86.ActiveCfg = Release|Win32
		{62F2378B-C167-480A-9B40-4B6EF3D6A4F6}.Release|x86.Build.0 = Release|Win32
	EndGlobalSection
	GlobalSection(SolutionProperties) = preSolution
		HideSolutionNode = FALSE
	EndGlobalSection
	GlobalSection(ExtensibilityGlobals) = postSolution
		SolutionGuid = {E288EE61-2307-4B67-8026-3BB3D3A277F5}
	EndGlobalSection
EndGlobal
